// !$*UTF8*$!
{
	archiveVersion = 1;
	classes = {
	};
	objectVersion = 46;
	objects = {

/* Begin PBXBuildFile section */
		98174FF419DD3E2C007FFB10 /* AlbertEinsteinStamp.jpg in Resources */ = {isa = PBXBuildFile; fileRef = 98174FF219DD3E2C007FFB10 /* AlbertEinsteinStamp.jpg */; };
		98174FF519DD3E2C007FFB10 /* SagradaFamilia.jpeg in Resources */ = {isa = PBXBuildFile; fileRef = 98174FF319DD3E2C007FFB10 /* SagradaFamilia.jpeg */; };
		981B97D119CD82C000EA09FE /* AppDelegate.swift in Sources */ = {isa = PBXBuildFile; fileRef = 981B97D019CD82C000EA09FE /* AppDelegate.swift */; };
		981B97D319CD82C000EA09FE /* ViewController.swift in Sources */ = {isa = PBXBuildFile; fileRef = 981B97D219CD82C000EA09FE /* ViewController.swift */; };
		981B97D619CD82C000EA09FE /* Main.storyboard in Resources */ = {isa = PBXBuildFile; fileRef = 981B97D419CD82C000EA09FE /* Main.storyboard */; };
		981B97D819CD82C000EA09FE /* Images.xcassets in Resources */ = {isa = PBXBuildFile; fileRef = 981B97D719CD82C000EA09FE /* Images.xcassets */; };
		981B97DB19CD82C000EA09FE /* LaunchScreen.xib in Resources */ = {isa = PBXBuildFile; fileRef = 981B97D919CD82C000EA09FE /* LaunchScreen.xib */; };
		981B97E719CD82C000EA09FE /* PostcardTests.swift in Sources */ = {isa = PBXBuildFile; fileRef = 981B97E619CD82C000EA09FE /* PostcardTests.swift */; };
/* End PBXBuildFile section */

/* Begin PBXContainerItemProxy section */
		981B97E119CD82C000EA09FE /* PBXContainerItemProxy */ = {
			isa = PBXContainerItemProxy;
			containerPortal = 981B97C319CD82C000EA09FE /* Project object */;
			proxyType = 1;
			remoteGlobalIDString = 981B97CA19CD82C000EA09FE;
			remoteInfo = Postcard;
		};
/* End PBXContainerItemProxy section */

/* Begin PBXFileReference section */
		98174FF219DD3E2C007FFB10 /* AlbertEinsteinStamp.jpg */ = {isa = PBXFileReference; lastKnownFileType = image.jpeg; path = AlbertEinsteinStamp.jpg; sourceTree = "<group>"; };
		98174FF319DD3E2C007FFB10 /* SagradaFamilia.jpeg */ = {isa = PBXFileReference; lastKnownFileType = image.jpeg; path = SagradaFamilia.jpeg; sourceTree = "<group>"; };
		981B97CB19CD82C000EA09FE /* Postcard.app */ = {isa = PBXFileReference; explicitFileType = wrapper.application; includeInIndex = 0; path = Postcard.app; sourceTree = BUILT_PRODUCTS_DIR; };
		981B97CF19CD82C000EA09FE /* Info.plist */ = {isa = PBXFileReference; lastKnownFileType = text.plist.xml; path = Info.plist; sourceTree = "<group>"; };
		981B97D019CD82C000EA09FE /* AppDelegate.swift */ = {isa = PBXFileReference; lastKnownFileType = sourcecode.swift; path = AppDelegate.swift; sourceTree = "<group>"; };
		981B97D219CD82C000EA09FE /* ViewController.swift */ = {isa = PBXFileReference; lastKnownFileType = sourcecode.swift; path = ViewController.swift; sourceTree = "<group>"; };
		981B97D519CD82C000EA09FE /* Base */ = {isa = PBXFileReference; lastKnownFileType = file.storyboard; name = Base; path = Base.lproj/Main.storyboard; sourceTree = "<group>"; };
		981B97D719CD82C000EA09FE /* Images.xcassets */ = {isa = PBXFileReference; lastKnownFileType = folder.assetcatalog; path = Images.xcassets; sourceTree = "<group>"; };
		981B97DA19CD82C000EA09FE /* Base */ = {isa = PBXFileReference; lastKnownFileType = file.xib; name = Base; path = Base.lproj/LaunchScreen.xib; sourceTree = "<group>"; };
		981B97E019CD82C000EA09FE /* PostcardTests.xctest */ = {isa = PBXFileReference; explicitFileType = wrapper.cfbundle; includeInIndex = 0; path = PostcardTests.xctest; sourceTree = BUILT_PRODUCTS_DIR; };
		981B97E519CD82C000EA09FE /* Info.plist */ = {isa = PBXFileReference; lastKnownFileType = text.plist.xml; path = Info.plist; sourceTree = "<group>"; };
		981B97E619CD82C000EA09FE /* PostcardTests.swift */ = {isa = PBXFileReference; lastKnownFileType = sourcecode.swift; path = PostcardTests.swift; sourceTree = "<group>"; };
/* End PBXFileReference section */

/* Begin PBXFrameworksBuildPhase section */
		981B97C819CD82C000EA09FE /* Frameworks */ = {
			isa = PBXFrameworksBuildPhase;
			buildActionMask = 2147483647;
			files = (
			);
			runOnlyForDeploymentPostprocessing = 0;
		};
		981B97DD19CD82C000EA09FE /* Frameworks */ = {
			isa = PBXFrameworksBuildPhase;
			buildActionMask = 2147483647;
			files = (
			);
			runOnlyForDeploymentPostprocessing = 0;
		};
/* End PBXFrameworksBuildPhase section */

/* Begin PBXGroup section */
		981B97C219CD82C000EA09FE = {
			isa = PBXGroup;
			children = (
				981B97CD19CD82C000EA09FE /* Postcard */,
				981B97E319CD82C000EA09FE /* PostcardTests */,
				981B97CC19CD82C000EA09FE /* Products */,
			);
			sourceTree = "<group>";
		};
		981B97CC19CD82C000EA09FE /* Products */ = {
			isa = PBXGroup;
			children = (
				981B97CB19CD82C000EA09FE /* Postcard.app */,
				981B97E019CD82C000EA09FE /* PostcardTests.xctest */,
			);
			name = Products;
			sourceTree = "<group>";
		};
		981B97CD19CD82C000EA09FE /* Postcard */ = {
			isa = PBXGroup;
			children = (
				981B97D019CD82C000EA09FE /* AppDelegate.swift */,
				981B97D219CD82C000EA09FE /* ViewController.swift */,
				981B97D419CD82C000EA09FE /* Main.storyboard */,
				981B97D719CD82C000EA09FE /* Images.xcassets */,
				981B97D919CD82C000EA09FE /* LaunchScreen.xib */,
				981B97CE19CD82C000EA09FE /* Supporting Files */,
			);
			path = Postcard;
			sourceTree = "<group>";
		};
		981B97CE19CD82C000EA09FE /* Supporting Files */ = {
			isa = PBXGroup;
			children = (
				981B97CF19CD82C000EA09FE /* Info.plist */,
			);
			name = "Supporting Files";
			sourceTree = "<group>";
		};
		981B97E319CD82C000EA09FE /* PostcardTests */ = {
			isa = PBXGroup;
			children = (
				981B97E619CD82C000EA09FE /* PostcardTests.swift */,
				981B97E419CD82C000EA09FE /* Supporting Files */,
			);
			path = PostcardTests;
			sourceTree = "<group>";
		};
		981B97E419CD82C000EA09FE /* Supporting Files */ = {
			isa = PBXGroup;
			children = (
				98174FF219DD3E2C007FFB10 /* AlbertEinsteinStamp.jpg */,
				98174FF319DD3E2C007FFB10 /* SagradaFamilia.jpeg */,
				981B97E519CD82C000EA09FE /* Info.plist */,
			);
			name = "Supporting Files";
			sourceTree = "<group>";
		};
/* End PBXGroup section */

/* Begin PBXNativeTarget section */
		981B97CA19CD82C000EA09FE /* Postcard */ = {
			isa = PBXNativeTarget;
			buildConfigurationList = 981B97EA19CD82C000EA09FE /* Build configuration list for PBXNativeTarget "Postcard" */;
			buildPhases = (
				981B97C719CD82C000EA09FE /* Sources */,
				981B97C819CD82C000EA09FE /* Frameworks */,
				981B97C919CD82C000EA09FE /* Resources */,
			);
			buildRules = (
			);
			dependencies = (
			);
			name = Postcard;
			productName = Postcard;
			productReference = 981B97CB19CD82C000EA09FE /* Postcard.app */;
			productType = "com.apple.product-type.application";
		};
		981B97DF19CD82C000EA09FE /* PostcardTests */ = {
			isa = PBXNativeTarget;
			buildConfigurationList = 981B97ED19CD82C000EA09FE /* Build configuration list for PBXNativeTarget "PostcardTests" */;
			buildPhases = (
				981B97DC19CD82C000EA09FE /* Sources */,
				981B97DD19CD82C000EA09FE /* Frameworks */,
				981B97DE19CD82C000EA09FE /* Resources */,
			);
			buildRules = (
			);
			dependencies = (
				981B97E219CD82C000EA09FE /* PBXTargetDependency */,
			);
			name = PostcardTests;
			productName = PostcardTests;
			productReference = 981B97E019CD82C000EA09FE /* PostcardTests.xctest */;
			productType = "com.apple.product-type.bundle.unit-test";
		};
/* End PBXNativeTarget section */

/* Begin PBXProject section */
		981B97C319CD82C000EA09FE /* Project object */ = {
			isa = PBXProject;
			attributes = {
				LastUpgradeCheck = 0600;
				ORGANIZATIONNAME = "Chop Chop!";
				TargetAttributes = {
					981B97CA19CD82C000EA09FE = {
						CreatedOnToolsVersion = 6.0.1;
					};
					981B97DF19CD82C000EA09FE = {
						CreatedOnToolsVersion = 6.0.1;
						TestTargetID = 981B97CA19CD82C000EA09FE;
					};
				};
			};
			buildConfigurationList = 981B97C619CD82C000EA09FE /* Build configuration list for PBXProject "Postcard" */;
			compatibilityVersion = "Xcode 3.2";
			developmentRegion = English;
			hasScannedForEncodings = 0;
			knownRegions = (
				en,
				Base,
			);
			mainGroup = 981B97C219CD82C000EA09FE;
			productRefGroup = 981B97CC19CD82C000EA09FE /* Products */;
			projectDirPath = "";
			projectRoot = "";
			targets = (
				981B97CA19CD82C000EA09FE /* Postcard */,
				981B97DF19CD82C000EA09FE /* PostcardTests */,
			);
		};
/* End PBXProject section */

/* Begin PBXResourcesBuildPhase section */
		981B97C919CD82C000EA09FE /* Resources */ = {
			isa = PBXResourcesBuildPhase;
			buildActionMask = 2147483647;
			files = (
				98174FF419DD3E2C007FFB10 /* AlbertEinsteinStamp.jpg in Resources */,
				981B97D619CD82C000EA09FE /* Main.storyboard in Resources */,
				981B97DB19CD82C000EA09FE /* LaunchScreen.xib in Resources */,
				981B97D819CD82C000EA09FE /* Images.xcassets in Resources */,
				98174FF519DD3E2C007FFB10 /* SagradaFamilia.jpeg in Resources */,
			);
			runOnlyForDeploymentPostprocessing = 0;
		};
		981B97DE19CD82C000EA09FE /* Resources */ = {
			isa = PBXResourcesBuildPhase;
			buildActionMask = 2147483647;
			files = (
			);
			runOnlyForDeploymentPostprocessing = 0;
		};
/* End PBXResourcesBuildPhase section */

/* Begin PBXSourcesBuildPhase section */
		981B97C719CD82C000EA09FE /* Sources */ = {
			isa = PBXSourcesBuildPhase;
			buildActionMask = 2147483647;
			files = (
				981B97D319CD82C000EA09FE /* ViewController.swift in Sources */,
				981B97D119CD82C000EA09FE /* AppDelegate.swift in Sources */,
			);
			runOnlyForDeploymentPostprocessing = 0;
		};
		981B97DC19CD82C000EA09FE /* Sources */ = {
			isa = PBXSourcesBuildPhase;
			buildActionMask = 2147483647;
			files = (
				981B97E719CD82C000EA09FE /* PostcardTests.swift in Sources */,
			);
			runOnlyForDeploymentPostprocessing = 0;
		};
/* End PBXSourcesBuildPhase section */

/* Begin PBXTargetDependency section */
		981B97E219CD82C000EA09FE /* PBXTargetDependency */ = {
			isa = PBXTargetDependency;
			target = 981B97CA19CD82C000EA09FE /* Postcard */;
			targetProxy = 981B97E119CD82C000EA09FE /* PBXContainerItemProxy */;
		};
/* End PBXTargetDependency section */

/* Begin PBXVariantGroup section */
		981B97D419CD82C000EA09FE /* Main.storyboard */ = {
			isa = PBXVariantGroup;
			children = (
				981B97D519CD82C000EA09FE /* Base */,
			);
			name = Main.storyboard;
			sourceTree = "<group>";
		};
		981B97D919CD82C000EA09FE /* LaunchScreen.xib */ = {
			isa = PBXVariantGroup;
			children = (
				981B97DA19CD82C000EA09FE /* Base */,
			);
			name = LaunchScreen.xib;
			sourceTree = "<group>";
		};
/* End PBXVariantGroup section */

/* Begin XCBuildConfiguration section */
		981B97E819CD82C000EA09FE /* Debug */ = {
			isa = XCBuildConfiguration;
			buildSettings = {
				ALWAYS_SEARCH_USER_PATHS = NO;
				CLANG_CXX_LANGUAGE_STANDARD = "gnu++0x";
				CLANG_CXX_LIBRARY = "libc++";
				CLANG_ENABLE_MODULES = YES;
				CLANG_ENABLE_OBJC_ARC = YES;
				CLANG_WARN_BOOL_CONVERSION = YES;
				CLANG_WARN_CONSTANT_CONVERSION = YES;
				CLANG_WARN_DIRECT_OBJC_ISA_USAGE = YES_ERROR;
				CLANG_WARN_EMPTY_BODY = YES;
				CLANG_WARN_ENUM_CONVERSION = YES;
				CLANG_WARN_INT_CONVERSION = YES;
				CLANG_WARN_OBJC_ROOT_CLASS = YES_ERROR;
				CLANG_WARN_UNREACHABLE_CODE = YES;
				CLANG_WARN__DUPLICATE_METHOD_MATCH = YES;
				"CODE_SIGN_IDENTITY[sdk=iphoneos*]" = "iPhone Developer";
				COPY_PHASE_STRIP = NO;
				ENABLE_STRICT_OBJC_MSGSEND = YES;
				GCC_C_LANGUAGE_STANDARD = gnu99;
				GCC_DYNAMIC_NO_PIC = NO;
				GCC_OPTIMIZATION_LEVEL = 0;
				GCC_PREPROCESSOR_DEFINITIONS = (
					"DEBUG=1",
					"$(inherited)",
				);
				GCC_SYMBOLS_PRIVATE_EXTERN = NO;
				GCC_WARN_64_TO_32_BIT_CONVERSION = YES;
				GCC_WARN_ABOUT_RETURN_TYPE = YES_ERROR;
				GCC_WARN_UNDECLARED_SELECTOR = YES;
				GCC_WARN_UNINITIALIZED_AUTOS = YES_AGGRESSIVE;
				GCC_WARN_UNUSED_FUNCTION = YES;
				GCC_WARN_UNUSED_VARIABLE = YES;
				IPHONEOS_DEPLOYMENT_TARGET = 8.0;
				MTL_ENABLE_DEBUG_INFO = YES;
				ONLY_ACTIVE_ARCH = YES;
				SDKROOT = iphoneos;
				SWIFT_OPTIMIZATION_LEVEL = "-Onone";
			};
			name = Debug;
		};
		981B97E919CD82C000EA09FE /* Release */ = {
			isa = XCBuildConfiguration;
			buildSettings = {
				ALWAYS_SEARCH_USER_PATHS = NO;
				CLANG_CXX_LANGUAGE_STANDARD = "gnu++0x";
				CLANG_CXX_LIBRARY = "libc++";
				CLANG_ENABLE_MODULES = YES;
				CLANG_ENABLE_OBJC_ARC = YES;
				CLANG_WARN_BOOL_CONVERSION = YES;
				CLANG_WARN_CONSTANT_CONVERSION = YES;
				CLANG_WARN_DIRECT_OBJC_ISA_USAGE = YES_ERROR;
				CLANG_WARN_EMPTY_BODY = YES;
				CLANG_WARN_ENUM_CONVERSION = YES;
				CLANG_WARN_INT_CONVERSION = YES;
				CLANG_WARN_OBJC_ROOT_CLASS = YES_ERROR;
				CLANG_WARN_UNREACHABLE_CODE = YES;
				CLANG_WARN__DUPLICATE_METHOD_MATCH = YES;
				"CODE_SIGN_IDENTITY[sdk=iphoneos*]" = "iPhone Developer";
				COPY_PHASE_STRIP = YES;
				ENABLE_NS_ASSERTIONS = NO;
				ENABLE_STRICT_OBJC_MSGSEND = YES;
				GCC_C_LANGUAGE_STANDARD = gnu99;
				GCC_WARN_64_TO_32_BIT_CONVERSION = YES;
				GCC_WARN_ABOUT_RETURN_TYPE = YES_ERROR;
				GCC_WARN_UNDECLARED_SELECTOR = YES;
				GCC_WARN_UNINITIALIZED_AUTOS = YES_AGGRESSIVE;
				GCC_WARN_UNUSED_FUNCTION = YES;
				GCC_WARN_UNUSED_VARIABLE = YES;
				IPHONEOS_DEPLOYMENT_TARGET = 8.0;
				MTL_ENABLE_DEBUG_INFO = NO;
				SDKROOT = iphoneos;
				VALIDATE_PRODUCT = YES;
			};
			name = Release;
		};
		981B97EB19CD82C000EA09FE /* Debug */ = {
			isa = XCBuildConfiguration;
			buildSettings = {
				ASSETCATALOG_COMPILER_APPICON_NAME = AppIcon;
				INFOPLIST_FILE = Postcard/Info.plist;
				LD_RUNPATH_SEARCH_PATHS = "$(inherited) @executable_path/Frameworks";
				PRODUCT_NAME = "$(TARGET_NAME)";
			};
			name = Debug;
		};
		981B97EC19CD82C000EA09FE /* Release */ = {
			isa = XCBuildConfiguration;
			buildSettings = {
				ASSETCATALOG_COMPILER_APPICON_NAME = AppIcon;
				INFOPLIST_FILE = Postcard/Info.plist;
				LD_RUNPATH_SEARCH_PATHS = "$(inherited) @executable_path/Frameworks";
				PRODUCT_NAME = "$(TARGET_NAME)";
			};
			name = Release;
		};
		981B97EE19CD82C000EA09FE /* Debug */ = {
			isa = XCBuildConfiguration;
			buildSettings = {
				BUNDLE_LOADER = "$(TEST_HOST)";
				FRAMEWORK_SEARCH_PATHS = (
					"$(SDKROOT)/Developer/Library/Frameworks",
					"$(inherited)",
				);
				GCC_PREPROCESSOR_DEFINITIONS = (
					"DEBUG=1",
					"$(inherited)",
				);
				INFOPLIST_FILE = PostcardTests/Info.plist;
				LD_RUNPATH_SEARCH_PATHS = "$(inherited) @executable_path/Frameworks @loader_path/Frameworks";
				PRODUCT_NAME = "$(TARGET_NAME)";
				TEST_HOST = "$(BUILT_PRODUCTS_DIR)/Postcard.app/Postcard";
			};
			name = Debug;
		};
		981B97EF19CD82C000EA09FE /* Release */ = {
			isa = XCBuildConfiguration;
			buildSettings = {
				BUNDLE_LOADER = "$(TEST_HOST)";
				FRAMEWORK_SEARCH_PATHS = (
					"$(SDKROOT)/Developer/Library/Frameworks",
					"$(inherited)",
				);
				INFOPLIST_FILE = PostcardTests/Info.plist;
				LD_RUNPATH_SEARCH_PATHS = "$(inherited) @executable_path/Frameworks @loader_path/Frameworks";
				PRODUCT_NAME = "$(TARGET_NAME)";
				TEST_HOST = "$(BUILT_PRODUCTS_DIR)/Postcard.app/Postcard";
			};
			name = Release;
		};
/* End XCBuildConfiguration section */

/* Begin XCConfigurationList section */
		981B97C619CD82C000EA09FE /* Build configuration list for PBXProject "Postcard" */ = {
			isa = XCConfigurationList;
			buildConfigurations = (
				981B97E819CD82C000EA09FE /* Debug */,
				981B97E919CD82C000EA09FE /* Release */,
			);
			defaultConfigurationIsVisible = 0;
			defaultConfigurationName = Release;
		};
		981B97EA19CD82C000EA09FE /* Build configuration list for PBXNativeTarget "Postcard" */ = {
			isa = XCConfigurationList;
			buildConfigurations = (
				981B97EB19CD82C000EA09FE /* Debug */,
				981B97EC19CD82C000EA09FE /* Release */,
			);
			defaultConfigurationIsVisible = 0;
			defaultConfigurationName = Release;
		};
		981B97ED19CD82C000EA09FE /* Build configuration list for PBXNativeTarget "PostcardTests" */ = {
			isa = XCConfigurationList;
			buildConfigurations = (
				981B97EE19CD82C000EA09FE /* Debug */,
				981B97EF19CD82C000EA09FE /* Release */,
			);
			defaultConfigurationIsVisible = 0;
			defaultConfigurationName = Release;
		};
/* End XCConfigurationList section */
	};
	rootObject = 981B97C319CD82C000EA09FE /* Project object */;
}
